<?xml version="1.0" encoding="utf-8"?>
<Project ToolsVersion="4.0" xmlns="http://schemas.microsoft.com/developer/msbuild/2003">
  <ItemGroup>
    <Filter Include="리소스 파일">
      <UniqueIdentifier>{67DA6AB6-F800-4c08-8B7A-83BB121AAD01}</UniqueIdentifier>
      <Extensions>rc;ico;cur;bmp;dlg;rc2;rct;bin;rgs;gif;jpg;jpeg;jpe;resx;tiff;tif;png;wav;mfcribbon-ms</Extensions>
    </Filter>
    <Filter Include="PlayScene">
      <UniqueIdentifier>{213af26a-2073-4578-aa1b-4a15ffe1f4fd}</UniqueIdentifier>
    </Filter>
    <Filter Include="TitleScene">
      <UniqueIdentifier>{8363b204-e08a-42b7-aecb-3148a535c3d5}</UniqueIdentifier>
    </Filter>
    <Filter Include="Player">
      <UniqueIdentifier>{2d3c153d-33da-4d34-9d55-44c6cb40786f}</UniqueIdentifier>
    </Filter>
    <Filter Include="Monster">
      <UniqueIdentifier>{3444282e-56a2-4eba-83f1-67cea716a8bd}</UniqueIdentifier>
    </Filter>
    <Filter Include="BattleScene">
      <UniqueIdentifier>{b3334086-247c-4c1b-b792-47081db4f5f3}</UniqueIdentifier>
    </Filter>
    <Filter Include="EndingScene">
      <UniqueIdentifier>{e9eda086-b216-4e97-be91-fb18d6f628d0}</UniqueIdentifier>
    </Filter>
    <Filter Include="LoadingScene">
      <UniqueIdentifier>{0cb152c4-550b-4130-a3a8-ff2d67207de8}</UniqueIdentifier>
    </Filter>
    <Filter Include="Common">
      <UniqueIdentifier>{d8add975-e28a-4c36-8960-4a289fcd83ce}</UniqueIdentifier>
    </Filter>
    <Filter Include="StudyScene">
      <UniqueIdentifier>{4d4feb06-c49f-4ee3-b0fb-7cf867db6ab3}</UniqueIdentifier>
    </Filter>
    <Filter Include="BattleScene\Player">
      <UniqueIdentifier>{a4a8a69c-9c1f-4ae6-8dea-7c9198e9e26d}</UniqueIdentifier>
    </Filter>
    <Filter Include="Move">
      <UniqueIdentifier>{589481d9-3d2e-43ad-844e-089e6af7791f}</UniqueIdentifier>
    </Filter>
  </ItemGroup>
  <ItemGroup>
    <ClCompile Include="..\WBWBEngine_Source\wbPlayScene.cpp">
      <Filter>PlayScene</Filter>
    </ClCompile>
    <ClCompile Include="..\WBWBEngine_Source\wbTitleScene.cpp">
      <Filter>TitleScene</Filter>
    </ClCompile>
    <ClCompile Include="..\WBWBEngine_Source\wbPlayer.cpp">
      <Filter>Player</Filter>
    </ClCompile>
    <ClCompile Include="..\WBWBEngine_Source\wbMonster.cpp">
      <Filter>Monster</Filter>
    </ClCompile>
    <ClCompile Include="wbEndingScene.cpp">
      <Filter>EndingScene</Filter>
    </ClCompile>
    <ClCompile Include="wbLoadingScene.cpp">
      <Filter>LoadingScene</Filter>
    </ClCompile>
    <ClCompile Include="wbBattleScene.cpp">
      <Filter>BattleScene</Filter>
    </ClCompile>
    <ClCompile Include="wbStudyScene.cpp">
      <Filter>StudyScene</Filter>
    </ClCompile>
    <ClCompile Include="wbRect.cpp">
      <Filter>StudyScene</Filter>
    </ClCompile>
    <ClCompile Include="wbPlayerScript.cpp" />
    <ClCompile Include="Smisu.cpp" />
    <ClCompile Include="RinShan.cpp" />
    <ClCompile Include="Ataho.cpp" />
    <ClCompile Include="BattleManager.cpp">
      <Filter>BattleScene</Filter>
    </ClCompile>
    <ClCompile Include="MoveBase.cpp">
      <Filter>Move</Filter>
    </ClCompile>
    <ClCompile Include="BattleBase.cpp" />
    <ClCompile Include="Punch.cpp">
      <Filter>Move</Filter>
    </ClCompile>
    <ClCompile Include="BattleAtaho.cpp">
      <Filter>BattleScene\Player</Filter>
    </ClCompile>
    <ClCompile Include="wbTile.cpp" />
    <ClCompile Include="wbToolScene.cpp" />
    <ClCompile Include="wbCameraScript.cpp" />
  </ItemGroup>
  <ItemGroup>
    <ClInclude Include="..\WBWBEngine_Source\wbPlayScene.h">
      <Filter>PlayScene</Filter>
    </ClInclude>
    <ClInclude Include="..\WBWBEngine_Source\wbTitleScene.h">
      <Filter>TitleScene</Filter>
    </ClInclude>
    <ClInclude Include="..\WBWBEngine_Source\wbPlayer.h">
      <Filter>Player</Filter>
    </ClInclude>
    <ClInclude Include="..\WBWBEngine_Source\wbMonster.h">
      <Filter>Monster</Filter>
    </ClInclude>
    <ClInclude Include="wbEndingScene.h">
      <Filter>EndingScene</Filter>
    </ClInclude>
    <ClInclude Include="wbLoadingScene.h">
      <Filter>LoadingScene</Filter>
    </ClInclude>
    <ClInclude Include="wbBattleScene.h">
      <Filter>BattleScene</Filter>
    </ClInclude>
    <ClInclude Include="wbLoadResources.h">
      <Filter>Common</Filter>
    </ClInclude>
    <ClInclude Include="..\WBWBEngine_Source\wbLoadScenes.h">
      <Filter>Common</Filter>
    </ClInclude>
    <ClInclude Include="wbStudyScene.h">
      <Filter>StudyScene</Filter>
    </ClInclude>
    <ClInclude Include="wbRect.h">
      <Filter>StudyScene</Filter>
    </ClInclude>
    <ClInclude Include="wbPlayerScript.h" />
    <ClInclude Include="Smisu.h" />
    <ClInclude Include="RinShan.h" />
    <ClInclude Include="Ataho.h" />
    <ClInclude Include="BattleManager.h">
      <Filter>BattleScene</Filter>
    </ClInclude>
    <ClInclude Include="MoveBase.h">
      <Filter>Move</Filter>
    </ClInclude>
    <ClInclude Include="BattleBase.h" />
    <ClInclude Include="Punch.h">
      <Filter>Move</Filter>
    </ClInclude>
    <ClInclude Include="BattleAtaho.h">
      <Filter>BattleScene\Player</Filter>
    </ClInclude>
    <ClInclude Include="wbTile.h" />
    <ClInclude Include="wbToolScene.h" />
    <ClInclude Include="wbCameraScript.h" />
  </ItemGroup>
</Project>